
Microsoft Visual Studio Solution File, Format Version 12.00
# Visual Studio Version 17
VisualStudioVersion = 17.6.33801.468
MinimumVisualStudioVersion = 10.0.40219.1
Project("{FAE04EC0-301F-11D3-BF4B-00C04F79EFBC}") = "AplikacjaWedkarska.Api", "AplikacjaWedkarska.Api\AplikacjaWedkarska.Api.csproj", "{B4337712-09E1-4B8B-9693-2FFADF4DADC2}"
EndProject
Global
	GlobalSection(SolutionConfigurationPlatforms) = preSolution
		Debug|Any CPU = Debug|Any CPU
		Release|Any CPU = Release|Any CPU
	EndGlobalSection
	GlobalSection(ProjectConfigurationPlatforms) = postSolution
		{B4337712-09E1-4B8B-9693-2FFADF4DADC2}.Debug|Any CPU.ActiveCfg = Debug|Any CPU
		{B4337712-09E1-4B8B-9693-2FFADF4DADC2}.Debug|Any CPU.Build.0 = Debug|Any CPU
		{B4337712-09E1-4B8B-9693-2FFADF4DADC2}.Release|Any CPU.ActiveCfg = Release|Any CPU
		{B4337712-09E1-4B8B-9693-2FFADF4DADC2}.Release|Any CPU.Build.0 = Release|Any CPU
	EndGlobalSection
	GlobalSection(SolutionProperties) = preSolution
		HideSolutionNode = FALSE
	EndGlobalSection
	GlobalSection(ExtensibilityGlobals) = postSolution
		SolutionGuid = {C82A67A2-F3A4-48AF-8592-F32D141F016B}
	EndGlobalSection
EndGlobal
